{
  "version": 4,
  "terraform_version": "1.13.3",
  "serial": 17,
  "lineage": "60cf8277-36b1-cb44-ae1a-a91624026022",
  "outputs": {},
  "resources": [
    {
      "module": "module.iam",
      "mode": "managed",
      "type": "aws_iam_group",
      "name": "groups",
      "provider": "provider[\"registry.terraform.io/hashicorp/aws\"]",
      "instances": [
        {
          "index_key": "Administrators",
          "schema_version": 0,
          "attributes": {
            "arn": "arn:aws:iam::708858410800:group/Administrators",
            "id": "Administrators",
            "name": "Administrators",
            "path": "/",
            "unique_id": "AGPA2KC2A64YHJ4KMWLS3"
          },
          "sensitive_attributes": [],
          "identity_schema_version": 0,
          "private": "bnVsbA=="
        },
        {
          "index_key": "Developers",
          "schema_version": 0,
          "attributes": {
            "arn": "arn:aws:iam::708858410800:group/Developers",
            "id": "Developers",
            "name": "Developers",
            "path": "/",
            "unique_id": "AGPA2KC2A64YOSEOU2VK4"
          },
          "sensitive_attributes": [],
          "identity_schema_version": 0,
          "private": "bnVsbA=="
        },
        {
          "index_key": "Operators",
          "schema_version": 0,
          "attributes": {
            "arn": "arn:aws:iam::708858410800:group/Operators",
            "id": "Operators",
            "name": "Operators",
            "path": "/",
            "unique_id": "AGPA2KC2A64YK5FGDBBEC"
          },
          "sensitive_attributes": [],
          "identity_schema_version": 0,
          "private": "bnVsbA=="
        }
      ]
    },
    {
      "module": "module.iam",
      "mode": "managed",
      "type": "aws_iam_group_membership",
      "name": "user_memberships",
      "provider": "provider[\"registry.terraform.io/hashicorp/aws\"]",
      "instances": [
        {
          "index_key": "Administrators",
          "schema_version": 0,
          "attributes": {
            "group": "Administrators",
            "id": "Administrators-membership",
            "name": "Administrators-membership",
            "users": [
              "Administrator_A"
            ]
          },
          "sensitive_attributes": [],
          "identity_schema_version": 0,
          "private": "bnVsbA==",
          "dependencies": [
            "module.iam.aws_iam_group.groups",
            "module.iam.aws_iam_user.users"
          ]
        },
        {
          "index_key": "Developers",
          "schema_version": 0,
          "attributes": {
            "group": "Developers",
            "id": "Developers-membership",
            "name": "Developers-membership",
            "users": [
              "Developer_A",
              "Developer_B"
            ]
          },
          "sensitive_attributes": [],
          "identity_schema_version": 0,
          "private": "bnVsbA==",
          "dependencies": [
            "module.iam.aws_iam_group.groups",
            "module.iam.aws_iam_user.users"
          ]
        },
        {
          "index_key": "Operators",
          "schema_version": 0,
          "attributes": {
            "group": "Operators",
            "id": "Operators-membership",
            "name": "Operators-membership",
            "users": [
              "Operator_A"
            ]
          },
          "sensitive_attributes": [],
          "identity_schema_version": 0,
          "private": "bnVsbA==",
          "dependencies": [
            "module.iam.aws_iam_group.groups",
            "module.iam.aws_iam_user.users"
          ]
        }
      ]
    },
    {
      "module": "module.iam",
      "mode": "managed",
      "type": "aws_iam_group_policy_attachment",
      "name": "policy_attachments",
      "provider": "provider[\"registry.terraform.io/hashicorp/aws\"]",
      "instances": [
        {
          "index_key": "Administrators-arn:aws:iam::aws:policy/AdministratorAccess",
          "schema_version": 0,
          "attributes": {
            "group": "Administrators",
            "id": "Administrators-20251206083150766300000003",
            "policy_arn": "arn:aws:iam::aws:policy/AdministratorAccess"
          },
          "sensitive_attributes": [],
          "identity_schema_version": 0,
          "private": "bnVsbA==",
          "dependencies": [
            "module.iam.aws_iam_group.groups"
          ]
        },
        {
          "index_key": "Developers-arn:aws:iam::aws:policy/IAMUserChangePassword",
          "schema_version": 0,
          "attributes": {
            "group": "Developers",
            "id": "Developers-20251206083150756100000001",
            "policy_arn": "arn:aws:iam::aws:policy/IAMUserChangePassword"
          },
          "sensitive_attributes": [],
          "identity_schema_version": 0,
          "private": "bnVsbA==",
          "dependencies": [
            "module.iam.aws_iam_group.groups"
          ]
        },
        {
          "index_key": "Developers-arn:aws:iam::aws:policy/ReadOnlyAccess",
          "schema_version": 0,
          "attributes": {
            "group": "Developers",
            "id": "Developers-20251206083150915400000006",
            "policy_arn": "arn:aws:iam::aws:policy/ReadOnlyAccess"
          },
          "sensitive_attributes": [],
          "identity_schema_version": 0,
          "private": "bnVsbA==",
          "dependencies": [
            "module.iam.aws_iam_group.groups"
          ]
        },
        {
          "index_key": "Operators-arn:aws:iam::aws:policy/AmazonS3FullAccess",
          "schema_version": 0,
          "attributes": {
            "group": "Operators",
            "id": "Operators-20251206083150802000000004",
            "policy_arn": "arn:aws:iam::aws:policy/AmazonS3FullAccess"
          },
          "sensitive_attributes": [],
          "identity_schema_version": 0,
          "private": "bnVsbA==",
          "dependencies": [
            "module.iam.aws_iam_group.groups"
          ]
        },
        {
          "index_key": "Operators-arn:aws:iam::aws:policy/CloudFrontReadOnlyAccess",
          "schema_version": 0,
          "attributes": {
            "group": "Operators",
            "id": "Operators-20251206083150820500000005",
            "policy_arn": "arn:aws:iam::aws:policy/CloudFrontReadOnlyAccess"
          },
          "sensitive_attributes": [],
          "identity_schema_version": 0,
          "private": "bnVsbA==",
          "dependencies": [
            "module.iam.aws_iam_group.groups"
          ]
        },
        {
          "index_key": "Operators-arn:aws:iam::aws:policy/IAMUserChangePassword",
          "schema_version": 0,
          "attributes": {
            "group": "Operators",
            "id": "Operators-20251206083150756900000002",
            "policy_arn": "arn:aws:iam::aws:policy/IAMUserChangePassword"
          },
          "sensitive_attributes": [],
          "identity_schema_version": 0,
          "private": "bnVsbA==",
          "dependencies": [
            "module.iam.aws_iam_group.groups"
          ]
        }
      ]
    },
    {
      "module": "module.iam",
      "mode": "managed",
      "type": "aws_iam_user",
      "name": "users",
      "provider": "provider[\"registry.terraform.io/hashicorp/aws\"]",
      "instances": [
        {
          "index_key": "Administrator_A",
          "schema_version": 0,
          "attributes": {
            "arn": "arn:aws:iam::708858410800:user/Administrator_A",
            "force_destroy": false,
            "id": "Administrator_A",
            "name": "Administrator_A",
            "path": "/",
            "permissions_boundary": "",
            "tags": null,
            "tags_all": {},
            "unique_id": "AIDA2KC2A64YPJUGQAUMN"
          },
          "sensitive_attributes": [],
          "identity_schema_version": 0,
          "private": "bnVsbA=="
        },
        {
          "index_key": "Developer_A",
          "schema_version": 0,
          "attributes": {
            "arn": "arn:aws:iam::708858410800:user/Developer_A",
            "force_destroy": false,
            "id": "Developer_A",
            "name": "Developer_A",
            "path": "/",
            "permissions_boundary": "",
            "tags": null,
            "tags_all": {},
            "unique_id": "AIDA2KC2A64YFQ6JFOGIO"
          },
          "sensitive_attributes": [],
          "identity_schema_version": 0,
          "private": "bnVsbA=="
        },
        {
          "index_key": "Developer_B",
          "schema_version": 0,
          "attributes": {
            "arn": "arn:aws:iam::708858410800:user/Developer_B",
            "force_destroy": false,
            "id": "Developer_B",
            "name": "Developer_B",
            "path": "/",
            "permissions_boundary": "",
            "tags": null,
            "tags_all": {},
            "unique_id": "AIDA2KC2A64YLVO7A76FN"
          },
          "sensitive_attributes": [],
          "identity_schema_version": 0,
          "private": "bnVsbA=="
        },
        {
          "index_key": "Operator_A",
          "schema_version": 0,
          "attributes": {
            "arn": "arn:aws:iam::708858410800:user/Operator_A",
            "force_destroy": false,
            "id": "Operator_A",
            "name": "Operator_A",
            "path": "/",
            "permissions_boundary": "",
            "tags": null,
            "tags_all": {},
            "unique_id": "AIDA2KC2A64YBT2JAYHIQ"
          },
          "sensitive_attributes": [],
          "identity_schema_version": 0,
          "private": "bnVsbA=="
        }
      ]
    }
  ],
  "check_results": null
}
